
Microsoft Visual Studio Solution File, Format Version 12.00
# Visual Studio Version 17
VisualStudioVersion = 17.9.34701.34
MinimumVisualStudioVersion = 10.0.40219.1
Project("{9A19103F-16F7-4668-BE54-9A1E7A4F7556}") = "TechnicalCreations", "TechnicalCreations.csproj", "{41FB4DF0-420E-4EF4-9D18-6F14F60AE9A2}"
EndProject
Global
	GlobalSection(SolutionConfigurationPlatforms) = preSolution
		Debug|Any CPU = Debug|Any CPU
		Release|Any CPU = Release|Any CPU
	EndGlobalSection
	GlobalSection(ProjectConfigurationPlatforms) = postSolution
		{41FB4DF0-420E-4EF4-9D18-6F14F60AE9A2}.Debug|Any CPU.ActiveCfg = Debug|Any CPU
		{41FB4DF0-420E-4EF4-9D18-6F14F60AE9A2}.Debug|Any CPU.Build.0 = Debug|Any CPU
		{41FB4DF0-420E-4EF4-9D18-6F14F60AE9A2}.Release|Any CPU.ActiveCfg = Release|Any CPU
		{41FB4DF0-420E-4EF4-9D18-6F14F60AE9A2}.Release|Any CPU.Build.0 = Release|Any CPU
	EndGlobalSection
	GlobalSection(SolutionProperties) = preSolution
		HideSolutionNode = FALSE
	EndGlobalSection
	GlobalSection(ExtensibilityGlobals) = postSolution
		SolutionGuid = {1A38C6AD-DC3E-4ADE-A87E-888AA32F0D28}
	EndGlobalSection
EndGlobal
